// !$*UTF8*$!
{
	archiveVersion = 1;
	classes = {
	};
	objectVersion = 50;
	objects = {

/* Begin PBXBuildFile section */
		A8ACAD1628390F59004B0C6F /* AppDelegate.swift in Sources */ = {isa = PBXBuildFile; fileRef = A8ACAD1528390F59004B0C6F /* AppDelegate.swift */; };
		A8ACAD1828390F59004B0C6F /* SceneDelegate.swift in Sources */ = {isa = PBXBuildFile; fileRef = A8ACAD1728390F59004B0C6F /* SceneDelegate.swift */; };
		A8ACAD1D28390F59004B0C6F /* Main.storyboard in Resources */ = {isa = PBXBuildFile; fileRef = A8ACAD1B28390F59004B0C6F /* Main.storyboard */; };
		A8ACAD1F28390F5C004B0C6F /* Assets.xcassets in Resources */ = {isa = PBXBuildFile; fileRef = A8ACAD1E28390F5C004B0C6F /* Assets.xcassets */; };
		A8ACAD2228390F5C004B0C6F /* LaunchScreen.storyboard in Resources */ = {isa = PBXBuildFile; fileRef = A8ACAD2028390F5C004B0C6F /* LaunchScreen.storyboard */; };
		A8ACAD2E28391B90004B0C6F /* ExamTableViewController.swift in Sources */ = {isa = PBXBuildFile; fileRef = A8ACAD2D28391B90004B0C6F /* ExamTableViewController.swift */; };
		A8ACAD302839219B004B0C6F /* AddExamTableViewController.swift in Sources */ = {isa = PBXBuildFile; fileRef = A8ACAD2F2839219B004B0C6F /* AddExamTableViewController.swift */; };
/* End PBXBuildFile section */

/* Begin PBXFileReference section */
		A8ACAD1228390F59004B0C6F /* ExamDates.app */ = {isa = PBXFileReference; explicitFileType = wrapper.application; includeInIndex = 0; path = ExamDates.app; sourceTree = BUILT_PRODUCTS_DIR; };
		A8ACAD1528390F59004B0C6F /* AppDelegate.swift */ = {isa = PBXFileReference; lastKnownFileType = sourcecode.swift; path = AppDelegate.swift; sourceTree = "<group>"; };
		A8ACAD1728390F59004B0C6F /* SceneDelegate.swift */ = {isa = PBXFileReference; lastKnownFileType = sourcecode.swift; path = SceneDelegate.swift; sourceTree = "<group>"; };
		A8ACAD1C28390F59004B0C6F /* Base */ = {isa = PBXFileReference; lastKnownFileType = file.storyboard; name = Base; path = Base.lproj/Main.storyboard; sourceTree = "<group>"; };
		A8ACAD1E28390F5C004B0C6F /* Assets.xcassets */ = {isa = PBXFileReference; lastKnownFileType = folder.assetcatalog; path = Assets.xcassets; sourceTree = "<group>"; };
		A8ACAD2128390F5C004B0C6F /* Base */ = {isa = PBXFileReference; lastKnownFileType = file.storyboard; name = Base; path = Base.lproj/LaunchScreen.storyboard; sourceTree = "<group>"; };
		A8ACAD2328390F5C004B0C6F /* Info.plist */ = {isa = PBXFileReference; lastKnownFileType = text.plist.xml; path = Info.plist; sourceTree = "<group>"; };
		A8ACAD2D28391B90004B0C6F /* ExamTableViewController.swift */ = {isa = PBXFileReference; lastKnownFileType = sourcecode.swift; path = ExamTableViewController.swift; sourceTree = "<group>"; };
		A8ACAD2F2839219B004B0C6F /* AddExamTableViewController.swift */ = {isa = PBXFileReference; lastKnownFileType = sourcecode.swift; path = AddExamTableViewController.swift; sourceTree = "<group>"; };
/* End PBXFileReference section */

/* Begin PBXFrameworksBuildPhase section */
		A8ACAD0F28390F59004B0C6F /* Frameworks */ = {
			isa = PBXFrameworksBuildPhase;
			buildActionMask = 2147483647;
			files = (
			);
			runOnlyForDeploymentPostprocessing = 0;
		};
/* End PBXFrameworksBuildPhase section */

/* Begin PBXGroup section */
		A8ACAD0928390F59004B0C6F = {
			isa = PBXGroup;
			children = (
				A8ACAD1428390F59004B0C6F /* ExamDates */,
				A8ACAD1328390F59004B0C6F /* Products */,
			);
			sourceTree = "<group>";
		};
		A8ACAD1328390F59004B0C6F /* Products */ = {
			isa = PBXGroup;
			children = (
				A8ACAD1228390F59004B0C6F /* ExamDates.app */,
			);
			name = Products;
			sourceTree = "<group>";
		};
		A8ACAD1428390F59004B0C6F /* ExamDates */ = {
			isa = PBXGroup;
			children = (
				A8ACAD1528390F59004B0C6F /* AppDelegate.swift */,
				A8ACAD1728390F59004B0C6F /* SceneDelegate.swift */,
				A8ACAD1B28390F59004B0C6F /* Main.storyboard */,
				A8ACAD1E28390F5C004B0C6F /* Assets.xcassets */,
				A8ACAD2028390F5C004B0C6F /* LaunchScreen.storyboard */,
				A8ACAD2328390F5C004B0C6F /* Info.plist */,
				A8ACAD2D28391B90004B0C6F /* ExamTableViewController.swift */,
				A8ACAD2F2839219B004B0C6F /* AddExamTableViewController.swift */,
			);
			path = ExamDates;
			sourceTree = "<group>";
		};
/* End PBXGroup section */

/* Begin PBXNativeTarget section */
		A8ACAD1128390F59004B0C6F /* ExamDates */ = {
			isa = PBXNativeTarget;
			buildConfigurationList = A8ACAD2628390F5C004B0C6F /* Build configuration list for PBXNativeTarget "ExamDates" */;
			buildPhases = (
				A8ACAD0E28390F59004B0C6F /* Sources */,
				A8ACAD0F28390F59004B0C6F /* Frameworks */,
				A8ACAD1028390F59004B0C6F /* Resources */,
			);
			buildRules = (
			);
			dependencies = (
			);
			name = ExamDates;
			productName = ExamDates;
			productReference = A8ACAD1228390F59004B0C6F /* ExamDates.app */;
			productType = "com.apple.product-type.application";
		};
/* End PBXNativeTarget section */

/* Begin PBXProject section */
		A8ACAD0A28390F59004B0C6F /* Project object */ = {
			isa = PBXProject;
			attributes = {
				LastSwiftUpdateCheck = 1250;
				LastUpgradeCheck = 1250;
				TargetAttributes = {
					A8ACAD1128390F59004B0C6F = {
						CreatedOnToolsVersion = 12.5;
					};
				};
			};
			buildConfigurationList = A8ACAD0D28390F59004B0C6F /* Build configuration list for PBXProject "ExamDates" */;
			compatibilityVersion = "Xcode 9.3";
			developmentRegion = en;
			hasScannedForEncodings = 0;
			knownRegions = (
				en,
				Base,
			);
			mainGroup = A8ACAD0928390F59004B0C6F;
			productRefGroup = A8ACAD1328390F59004B0C6F /* Products */;
			projectDirPath = "";
			projectRoot = "";
			targets = (
				A8ACAD1128390F59004B0C6F /* ExamDates */,
			);
		};
/* End PBXProject section */

/* Begin PBXResourcesBuildPhase section */
		A8ACAD1028390F59004B0C6F /* Resources */ = {
			isa = PBXResourcesBuildPhase;
			buildActionMask = 2147483647;
			files = (
				A8ACAD2228390F5C004B0C6F /* LaunchScreen.storyboard in Resources */,
				A8ACAD1F28390F5C004B0C6F /* Assets.xcassets in Resources */,
				A8ACAD1D28390F59004B0C6F /* Main.storyboard in Resources */,
			);
			runOnlyForDeploymentPostprocessing = 0;
		};
/* End PBXResourcesBuildPhase section */

/* Begin PBXSourcesBuildPhase section */
		A8ACAD0E28390F59004B0C6F /* Sources */ = {
			isa = PBXSourcesBuildPhase;
			buildActionMask = 2147483647;
			files = (
				A8ACAD302839219B004B0C6F /* AddExamTableViewController.swift in Sources */,
				A8ACAD2E28391B90004B0C6F /* ExamTableViewController.swift in Sources */,
				A8ACAD1628390F59004B0C6F /* AppDelegate.swift in Sources */,
				A8ACAD1828390F59004B0C6F /* SceneDelegate.swift in Sources */,
			);
			runOnlyForDeploymentPostprocessing = 0;
		};
/* End PBXSourcesBuildPhase section */

/* Begin PBXVariantGroup section */
		A8ACAD1B28390F59004B0C6F /* Main.storyboard */ = {
			isa = PBXVariantGroup;
			children = (
				A8ACAD1C28390F59004B0C6F /* Base */,
			);
			name = Main.storyboard;
			sourceTree = "<group>";
		};
		A8ACAD2028390F5C004B0C6F /* LaunchScreen.storyboard */ = {
			isa = PBXVariantGroup;
			children = (
				A8ACAD2128390F5C004B0C6F /* Base */,
			);
			name = LaunchScreen.storyboard;
			sourceTree = "<group>";
		};
/* End PBXVariantGroup section */

/* Begin XCBuildConfiguration section */
		A8ACAD2428390F5C004B0C6F /* Debug */ = {
			isa = XCBuildConfiguration;
			buildSettings = {
				ALWAYS_SEARCH_USER_PATHS = NO;
				CLANG_ANALYZER_NONNULL = YES;
				CLANG_ANALYZER_NUMBER_OBJECT_CONVERSION = YES_AGGRESSIVE;
				CLANG_CXX_LANGUAGE_STANDARD = "gnu++14";
				CLANG_CXX_LIBRARY = "libc++";
				CLANG_ENABLE_MODULES = YES;
				CLANG_ENABLE_OBJC_ARC = YES;
				CLANG_ENABLE_OBJC_WEAK = YES;
				CLANG_WARN_BLOCK_CAPTURE_AUTORELEASING = YES;
				CLANG_WARN_BOOL_CONVERSION = YES;
				CLANG_WARN_COMMA = YES;
				CLANG_WARN_CONSTANT_CONVERSION = YES;
				CLANG_WARN_DEPRECATED_OBJC_IMPLEMENTATIONS = YES;
				CLANG_WARN_DIRECT_OBJC_ISA_USAGE = YES_ERROR;
				CLANG_WARN_DOCUMENTATION_COMMENTS = YES;
				CLANG_WARN_EMPTY_BODY = YES;
				CLANG_WARN_ENUM_CONVERSION = YES;
				CLANG_WARN_INFINITE_RECURSION = YES;
				CLANG_WARN_INT_CONVERSION = YES;
				CLANG_WARN_NON_LITERAL_NULL_CONVERSION = YES;
				CLANG_WARN_OBJC_IMPLICIT_RETAIN_SELF = YES;
				CLANG_WARN_OBJC_LITERAL_CONVERSION = YES;
				CLANG_WARN_OBJC_ROOT_CLASS = YES_ERROR;
				CLANG_WARN_QUOTED_INCLUDE_IN_FRAMEWORK_HEADER = YES;
				CLANG_WARN_RANGE_LOOP_ANALYSIS = YES;
				CLANG_WARN_STRICT_PROTOTYPES = YES;
				CLANG_WARN_SUSPICIOUS_MOVE = YES;
				CLANG_WARN_UNGUARDED_AVAILABILITY = YES_AGGRESSIVE;
				CLANG_WARN_UNREACHABLE_CODE = YES;
				CLANG_WARN__DUPLICATE_METHOD_MATCH = YES;
				COPY_PHASE_STRIP = NO;
				DEBUG_INFORMATION_FORMAT = dwarf;
				ENABLE_STRICT_OBJC_MSGSEND = YES;
				ENABLE_TESTABILITY = YES;
				GCC_C_LANGUAGE_STANDARD = gnu11;
				GCC_DYNAMIC_NO_PIC = NO;
				GCC_NO_COMMON_BLOCKS = YES;
				GCC_OPTIMIZATION_LEVEL = 0;
				GCC_PREPROCESSOR_DEFINITIONS = (
					"DEBUG=1",
					"$(inherited)",
				);
				GCC_WARN_64_TO_32_BIT_CONVERSION = YES;
				GCC_WARN_ABOUT_RETURN_TYPE = YES_ERROR;
				GCC_WARN_UNDECLARED_SELECTOR = YES;
				GCC_WARN_UNINITIALIZED_AUTOS = YES_AGGRESSIVE;
				GCC_WARN_UNUSED_FUNCTION = YES;
				GCC_WARN_UNUSED_VARIABLE = YES;
				IPHONEOS_DEPLOYMENT_TARGET = 14.5;
				MTL_ENABLE_DEBUG_INFO = INCLUDE_SOURCE;
				MTL_FAST_MATH = YES;
				ONLY_ACTIVE_ARCH = YES;
				SDKROOT = iphoneos;
				SWIFT_ACTIVE_COMPILATION_CONDITIONS = DEBUG;
				SWIFT_OPTIMIZATION_LEVEL = "-Onone";
			};
			name = Debug;
		};
		A8ACAD2528390F5C004B0C6F /* Release */ = {
			isa = XCBuildConfiguration;
			buildSettings = {
				ALWAYS_SEARCH_USER_PATHS = NO;
				CLANG_ANALYZER_NONNULL = YES;
				CLANG_ANALYZER_NUMBER_OBJECT_CONVERSION = YES_AGGRESSIVE;
				CLANG_CXX_LANGUAGE_STANDARD = "gnu++14";
				CLANG_CXX_LIBRARY = "libc++";
				CLANG_ENABLE_MODULES = YES;
				CLANG_ENABLE_OBJC_ARC = YES;
				CLANG_ENABLE_OBJC_WEAK = YES;
				CLANG_WARN_BLOCK_CAPTURE_AUTORELEASING = YES;
				CLANG_WARN_BOOL_CONVERSION = YES;
				CLANG_WARN_COMMA = YES;
				CLANG_WARN_CONSTANT_CONVERSION = YES;
				CLANG_WARN_DEPRECATED_OBJC_IMPLEMENTATIONS = YES;
				CLANG_WARN_DIRECT_OBJC_ISA_USAGE = YES_ERROR;
				CLANG_WARN_DOCUMENTATION_COMMENTS = YES;
				CLANG_WARN_EMPTY_BODY = YES;
				CLANG_WARN_ENUM_CONVERSION = YES;
				CLANG_WARN_INFINITE_RECURSION = YES;
				CLANG_WARN_INT_CONVERSION = YES;
				CLANG_WARN_NON_LITERAL_NULL_CONVERSION = YES;
				CLANG_WARN_OBJC_IMPLICIT_RETAIN_SELF = YES;
				CLANG_WARN_OBJC_LITERAL_CONVERSION = YES;
				CLANG_WARN_OBJC_ROOT_CLASS = YES_ERROR;
				CLANG_WARN_QUOTED_INCLUDE_IN_FRAMEWORK_HEADER = YES;
				CLANG_WARN_RANGE_LOOP_ANALYSIS = YES;
				CLANG_WARN_STRICT_PROTOTYPES = YES;
				CLANG_WARN_SUSPICIOUS_MOVE = YES;
				CLANG_WARN_UNGUARDED_AVAILABILITY = YES_AGGRESSIVE;
				CLANG_WARN_UNREACHABLE_CODE = YES;
				CLANG_WARN__DUPLICATE_METHOD_MATCH = YES;
				COPY_PHASE_STRIP = NO;
				DEBUG_INFORMATION_FORMAT = "dwarf-with-dsym";
				ENABLE_NS_ASSERTIONS = NO;
				ENABLE_STRICT_OBJC_MSGSEND = YES;
				GCC_C_LANGUAGE_STANDARD = gnu11;
				GCC_NO_COMMON_BLOCKS = YES;
				GCC_WARN_64_TO_32_BIT_CONVERSION = YES;
				GCC_WARN_ABOUT_RETURN_TYPE = YES_ERROR;
				GCC_WARN_UNDECLARED_SELECTOR = YES;
				GCC_WARN_UNINITIALIZED_AUTOS = YES_AGGRESSIVE;
				GCC_WARN_UNUSED_FUNCTION = YES;
				GCC_WARN_UNUSED_VARIABLE = YES;
				IPHONEOS_DEPLOYMENT_TARGET = 14.5;
				MTL_ENABLE_DEBUG_INFO = NO;
				MTL_FAST_MATH = YES;
				SDKROOT = iphoneos;
				SWIFT_COMPILATION_MODE = wholemodule;
				SWIFT_OPTIMIZATION_LEVEL = "-O";
				VALIDATE_PRODUCT = YES;
			};
			name = Release;
		};
		A8ACAD2728390F5C004B0C6F /* Debug */ = {
			isa = XCBuildConfiguration;
			buildSettings = {
				ASSETCATALOG_COMPILER_APPICON_NAME = AppIcon;
				ASSETCATALOG_COMPILER_GLOBAL_ACCENT_COLOR_NAME = AccentColor;
				CODE_SIGN_STYLE = Automatic;
				INFOPLIST_FILE = ExamDates/Info.plist;
				LD_RUNPATH_SEARCH_PATHS = (
					"$(inherited)",
					"@executable_path/Frameworks",
				);
				PRODUCT_BUNDLE_IDENTIFIER = com.muallim.ExamDates;
				PRODUCT_NAME = "$(TARGET_NAME)";
				SWIFT_VERSION = 5.0;
				TARGETED_DEVICE_FAMILY = "1,2";
			};
			name = Debug;
		};
		A8ACAD2828390F5C004B0C6F /* Release */ = {
			isa = XCBuildConfiguration;
			buildSettings = {
				ASSETCATALOG_COMPILER_APPICON_NAME = AppIcon;
				ASSETCATALOG_COMPILER_GLOBAL_ACCENT_COLOR_NAME = AccentColor;
				CODE_SIGN_STYLE = Automatic;
				INFOPLIST_FILE = ExamDates/Info.plist;
				LD_RUNPATH_SEARCH_PATHS = (
					"$(inherited)",
					"@executable_path/Frameworks",
				);
				PRODUCT_BUNDLE_IDENTIFIER = com.muallim.ExamDates;
				PRODUCT_NAME = "$(TARGET_NAME)";
				SWIFT_VERSION = 5.0;
				TARGETED_DEVICE_FAMILY = "1,2";
			};
			name = Release;
		};
/* End XCBuildConfiguration section */

/* Begin XCConfigurationList section */
		A8ACAD0D28390F59004B0C6F /* Build configuration list for PBXProject "ExamDates" */ = {
			isa = XCConfigurationList;
			buildConfigurations = (
				A8ACAD2428390F5C004B0C6F /* Debug */,
				A8ACAD2528390F5C004B0C6F /* Release */,
			);
			defaultConfigurationIsVisible = 0;
			defaultConfigurationName = Release;
		};
		A8ACAD2628390F5C004B0C6F /* Build configuration list for PBXNativeTarget "ExamDates" */ = {
			isa = XCConfigurationList;
			buildConfigurations = (
				A8ACAD2728390F5C004B0C6F /* Debug */,
				A8ACAD2828390F5C004B0C6F /* Release */,
			);
			defaultConfigurationIsVisible = 0;
			defaultConfigurationName = Release;
		};
/* End XCConfigurationList section */
	};
	rootObject = A8ACAD0A28390F59004B0C6F /* Project object */;
}
